// !$*UTF8*$!
{
	archiveVersion = 1;
	classes = {
	};
	objectVersion = 50;
	objects = {

/* Begin PBXBuildFile section */
		5734756221DA90C700FB6177 /* AppDelegate.swift in Sources */ = {isa = PBXBuildFile; fileRef = 5734756121DA90C700FB6177 /* AppDelegate.swift */; };
		5734756421DA90C700FB6177 /* ViewController.swift in Sources */ = {isa = PBXBuildFile; fileRef = 5734756321DA90C700FB6177 /* ViewController.swift */; };
		5734756721DA90C700FB6177 /* Main.storyboard in Resources */ = {isa = PBXBuildFile; fileRef = 5734756521DA90C700FB6177 /* Main.storyboard */; };
		5734756921DA90C800FB6177 /* Assets.xcassets in Resources */ = {isa = PBXBuildFile; fileRef = 5734756821DA90C800FB6177 /* Assets.xcassets */; };
		5734756C21DA90C800FB6177 /* LaunchScreen.storyboard in Resources */ = {isa = PBXBuildFile; fileRef = 5734756A21DA90C800FB6177 /* LaunchScreen.storyboard */; };
		F16DBE5923AC061100FC537C /* ElementsTests.swift in Sources */ = {isa = PBXBuildFile; fileRef = F16DBE5823AC061100FC537C /* ElementsTests.swift */; };
		F19155EF23ABCDED00DDCFFA /* NetworkHelper.swift in Sources */ = {isa = PBXBuildFile; fileRef = F19155EE23ABCDED00DDCFFA /* NetworkHelper.swift */; };
		F19155F123ABCE2600DDCFFA /* AppError.swift in Sources */ = {isa = PBXBuildFile; fileRef = F19155F023ABCE2600DDCFFA /* AppError.swift */; };
		F19155F323ABCF2F00DDCFFA /* ElementsModel.swift in Sources */ = {isa = PBXBuildFile; fileRef = F19155F223ABCF2F00DDCFFA /* ElementsModel.swift */; };
		F19155F523ABD06600DDCFFA /* ElementAPIClent.swift in Sources */ = {isa = PBXBuildFile; fileRef = F19155F423ABD06600DDCFFA /* ElementAPIClent.swift */; };
		F19155F723ABD22B00DDCFFA /* ViewController+Extension.swift in Sources */ = {isa = PBXBuildFile; fileRef = F19155F623ABD22B00DDCFFA /* ViewController+Extension.swift */; };
		F19155F923ABD24E00DDCFFA /* UIImageView+Extensions.swift in Sources */ = {isa = PBXBuildFile; fileRef = F19155F823ABD24E00DDCFFA /* UIImageView+Extensions.swift */; };
		F19155FB23ABD3B900DDCFFA /* ElementCell.swift in Sources */ = {isa = PBXBuildFile; fileRef = F19155FA23ABD3B900DDCFFA /* ElementCell.swift */; };
		F19155FD23ABD95400DDCFFA /* DetailViewController.swift in Sources */ = {isa = PBXBuildFile; fileRef = F19155FC23ABD95400DDCFFA /* DetailViewController.swift */; };
		F19155FF23ABF93E00DDCFFA /* FavoritedElementsViewController.swift in Sources */ = {isa = PBXBuildFile; fileRef = F19155FE23ABF93E00DDCFFA /* FavoritedElementsViewController.swift */; };
/* End PBXBuildFile section */

/* Begin PBXContainerItemProxy section */
		F16DBE5B23AC061100FC537C /* PBXContainerItemProxy */ = {
			isa = PBXContainerItemProxy;
			containerPortal = 5734755621DA90C700FB6177 /* Project object */;
			proxyType = 1;
			remoteGlobalIDString = 5734755D21DA90C700FB6177;
			remoteInfo = Elements;
		};
/* End PBXContainerItemProxy section */

/* Begin PBXFileReference section */
		5734755E21DA90C700FB6177 /* Elements.app */ = {isa = PBXFileReference; explicitFileType = wrapper.application; includeInIndex = 0; path = Elements.app; sourceTree = BUILT_PRODUCTS_DIR; };
		5734756121DA90C700FB6177 /* AppDelegate.swift */ = {isa = PBXFileReference; lastKnownFileType = sourcecode.swift; path = AppDelegate.swift; sourceTree = "<group>"; };
		5734756321DA90C700FB6177 /* ViewController.swift */ = {isa = PBXFileReference; lastKnownFileType = sourcecode.swift; path = ViewController.swift; sourceTree = "<group>"; };
		5734756621DA90C700FB6177 /* Base */ = {isa = PBXFileReference; lastKnownFileType = file.storyboard; name = Base; path = Base.lproj/Main.storyboard; sourceTree = "<group>"; };
		5734756821DA90C800FB6177 /* Assets.xcassets */ = {isa = PBXFileReference; lastKnownFileType = folder.assetcatalog; path = Assets.xcassets; sourceTree = "<group>"; };
		5734756B21DA90C800FB6177 /* Base */ = {isa = PBXFileReference; lastKnownFileType = file.storyboard; name = Base; path = Base.lproj/LaunchScreen.storyboard; sourceTree = "<group>"; };
		5734756D21DA90C800FB6177 /* Info.plist */ = {isa = PBXFileReference; lastKnownFileType = text.plist.xml; path = Info.plist; sourceTree = "<group>"; };
		F16DBE5623AC061100FC537C /* ElementsTests.xctest */ = {isa = PBXFileReference; explicitFileType = wrapper.cfbundle; includeInIndex = 0; path = ElementsTests.xctest; sourceTree = BUILT_PRODUCTS_DIR; };
		F16DBE5823AC061100FC537C /* ElementsTests.swift */ = {isa = PBXFileReference; lastKnownFileType = sourcecode.swift; path = ElementsTests.swift; sourceTree = "<group>"; };
		F16DBE5A23AC061100FC537C /* Info.plist */ = {isa = PBXFileReference; lastKnownFileType = text.plist.xml; path = Info.plist; sourceTree = "<group>"; };
		F19155EE23ABCDED00DDCFFA /* NetworkHelper.swift */ = {isa = PBXFileReference; lastKnownFileType = sourcecode.swift; path = NetworkHelper.swift; sourceTree = "<group>"; };
		F19155F023ABCE2600DDCFFA /* AppError.swift */ = {isa = PBXFileReference; lastKnownFileType = sourcecode.swift; path = AppError.swift; sourceTree = "<group>"; };
		F19155F223ABCF2F00DDCFFA /* ElementsModel.swift */ = {isa = PBXFileReference; lastKnownFileType = sourcecode.swift; path = ElementsModel.swift; sourceTree = "<group>"; };
		F19155F423ABD06600DDCFFA /* ElementAPIClent.swift */ = {isa = PBXFileReference; lastKnownFileType = sourcecode.swift; path = ElementAPIClent.swift; sourceTree = "<group>"; };
		F19155F623ABD22B00DDCFFA /* ViewController+Extension.swift */ = {isa = PBXFileReference; lastKnownFileType = sourcecode.swift; path = "ViewController+Extension.swift"; sourceTree = "<group>"; };
		F19155F823ABD24E00DDCFFA /* UIImageView+Extensions.swift */ = {isa = PBXFileReference; lastKnownFileType = sourcecode.swift; path = "UIImageView+Extensions.swift"; sourceTree = "<group>"; };
		F19155FA23ABD3B900DDCFFA /* ElementCell.swift */ = {isa = PBXFileReference; lastKnownFileType = sourcecode.swift; path = ElementCell.swift; sourceTree = "<group>"; };
		F19155FC23ABD95400DDCFFA /* DetailViewController.swift */ = {isa = PBXFileReference; lastKnownFileType = sourcecode.swift; path = DetailViewController.swift; sourceTree = "<group>"; };
		F19155FE23ABF93E00DDCFFA /* FavoritedElementsViewController.swift */ = {isa = PBXFileReference; lastKnownFileType = sourcecode.swift; path = FavoritedElementsViewController.swift; sourceTree = "<group>"; };
/* End PBXFileReference section */

/* Begin PBXFrameworksBuildPhase section */
		5734755B21DA90C700FB6177 /* Frameworks */ = {
			isa = PBXFrameworksBuildPhase;
			buildActionMask = 2147483647;
			files = (
			);
			runOnlyForDeploymentPostprocessing = 0;
		};
		F16DBE5323AC061100FC537C /* Frameworks */ = {
			isa = PBXFrameworksBuildPhase;
			buildActionMask = 2147483647;
			files = (
			);
			runOnlyForDeploymentPostprocessing = 0;
		};
/* End PBXFrameworksBuildPhase section */

/* Begin PBXGroup section */
		5734755521DA90C700FB6177 = {
			isa = PBXGroup;
			children = (
				5734756021DA90C700FB6177 /* Elements */,
				F16DBE5723AC061100FC537C /* ElementsTests */,
				5734755F21DA90C700FB6177 /* Products */,
			);
			sourceTree = "<group>";
		};
		5734755F21DA90C700FB6177 /* Products */ = {
			isa = PBXGroup;
			children = (
				5734755E21DA90C700FB6177 /* Elements.app */,
				F16DBE5623AC061100FC537C /* ElementsTests.xctest */,
			);
			name = Products;
			sourceTree = "<group>";
		};
		5734756021DA90C700FB6177 /* Elements */ = {
			isa = PBXGroup;
			children = (
				F19155ED23ABCB3400DDCFFA /* Cell */,
				F19155EB23ABCACF00DDCFFA /* Models */,
				F19155EA23ABCAB400DDCFFA /* Network Services */,
				F19155E923ABCAA000DDCFFA /* Extensions */,
				F19155E823ABCA8F00DDCFFA /* View Controllers */,
				5734756521DA90C700FB6177 /* Main.storyboard */,
				5734757321DA90F500FB6177 /* Supporting Files */,
				5734756D21DA90C800FB6177 /* Info.plist */,
			);
			path = Elements;
			sourceTree = "<group>";
		};
		5734757321DA90F500FB6177 /* Supporting Files */ = {
			isa = PBXGroup;
			children = (
				5734756121DA90C700FB6177 /* AppDelegate.swift */,
				5734756821DA90C800FB6177 /* Assets.xcassets */,
				5734756A21DA90C800FB6177 /* LaunchScreen.storyboard */,
			);
			path = "Supporting Files";
			sourceTree = "<group>";
		};
		F16DBE5723AC061100FC537C /* ElementsTests */ = {
			isa = PBXGroup;
			children = (
				F16DBE5823AC061100FC537C /* ElementsTests.swift */,
				F16DBE5A23AC061100FC537C /* Info.plist */,
			);
			path = ElementsTests;
			sourceTree = "<group>";
		};
		F19155E823ABCA8F00DDCFFA /* View Controllers */ = {
			isa = PBXGroup;
			children = (
				5734756321DA90C700FB6177 /* ViewController.swift */,
				F19155FC23ABD95400DDCFFA /* DetailViewController.swift */,
				F19155FE23ABF93E00DDCFFA /* FavoritedElementsViewController.swift */,
			);
			path = "View Controllers";
			sourceTree = "<group>";
		};
		F19155E923ABCAA000DDCFFA /* Extensions */ = {
			isa = PBXGroup;
			children = (
				F19155F623ABD22B00DDCFFA /* ViewController+Extension.swift */,
				F19155F823ABD24E00DDCFFA /* UIImageView+Extensions.swift */,
			);
			path = Extensions;
			sourceTree = "<group>";
		};
		F19155EA23ABCAB400DDCFFA /* Network Services */ = {
			isa = PBXGroup;
			children = (
				F19155EE23ABCDED00DDCFFA /* NetworkHelper.swift */,
				F19155F023ABCE2600DDCFFA /* AppError.swift */,
				F19155F423ABD06600DDCFFA /* ElementAPIClent.swift */,
			);
			path = "Network Services";
			sourceTree = "<group>";
		};
		F19155EB23ABCACF00DDCFFA /* Models */ = {
			isa = PBXGroup;
			children = (
				F19155F223ABCF2F00DDCFFA /* ElementsModel.swift */,
			);
			path = Models;
			sourceTree = "<group>";
		};
		F19155ED23ABCB3400DDCFFA /* Cell */ = {
			isa = PBXGroup;
			children = (
				F19155FA23ABD3B900DDCFFA /* ElementCell.swift */,
			);
			path = Cell;
			sourceTree = "<group>";
		};
/* End PBXGroup section */

/* Begin PBXNativeTarget section */
		5734755D21DA90C700FB6177 /* Elements */ = {
			isa = PBXNativeTarget;
			buildConfigurationList = 5734757021DA90C800FB6177 /* Build configuration list for PBXNativeTarget "Elements" */;
			buildPhases = (
				5734755A21DA90C700FB6177 /* Sources */,
				5734755B21DA90C700FB6177 /* Frameworks */,
				5734755C21DA90C700FB6177 /* Resources */,
			);
			buildRules = (
			);
			dependencies = (
			);
			name = Elements;
			productName = Elements;
			productReference = 5734755E21DA90C700FB6177 /* Elements.app */;
			productType = "com.apple.product-type.application";
		};
		F16DBE5523AC061100FC537C /* ElementsTests */ = {
			isa = PBXNativeTarget;
			buildConfigurationList = F16DBE5D23AC061100FC537C /* Build configuration list for PBXNativeTarget "ElementsTests" */;
			buildPhases = (
				F16DBE5223AC061100FC537C /* Sources */,
				F16DBE5323AC061100FC537C /* Frameworks */,
				F16DBE5423AC061100FC537C /* Resources */,
			);
			buildRules = (
			);
			dependencies = (
				F16DBE5C23AC061100FC537C /* PBXTargetDependency */,
			);
			name = ElementsTests;
			productName = ElementsTests;
			productReference = F16DBE5623AC061100FC537C /* ElementsTests.xctest */;
			productType = "com.apple.product-type.bundle.unit-test";
		};
/* End PBXNativeTarget section */

/* Begin PBXProject section */
		5734755621DA90C700FB6177 /* Project object */ = {
			isa = PBXProject;
			attributes = {
				LastSwiftUpdateCheck = 1130;
				LastUpgradeCheck = 1010;
				ORGANIZATIONNAME = Pursuit;
				TargetAttributes = {
					5734755D21DA90C700FB6177 = {
						CreatedOnToolsVersion = 10.1;
						LastSwiftMigration = 1130;
					};
					F16DBE5523AC061100FC537C = {
						CreatedOnToolsVersion = 11.3;
						TestTargetID = 5734755D21DA90C700FB6177;
					};
				};
			};
			buildConfigurationList = 5734755921DA90C700FB6177 /* Build configuration list for PBXProject "Elements" */;
			compatibilityVersion = "Xcode 9.3";
			developmentRegion = en;
			hasScannedForEncodings = 0;
			knownRegions = (
				en,
				Base,
			);
			mainGroup = 5734755521DA90C700FB6177;
			productRefGroup = 5734755F21DA90C700FB6177 /* Products */;
			projectDirPath = "";
			projectRoot = "";
			targets = (
				5734755D21DA90C700FB6177 /* Elements */,
				F16DBE5523AC061100FC537C /* ElementsTests */,
			);
		};
/* End PBXProject section */

/* Begin PBXResourcesBuildPhase section */
		5734755C21DA90C700FB6177 /* Resources */ = {
			isa = PBXResourcesBuildPhase;
			buildActionMask = 2147483647;
			files = (
				5734756C21DA90C800FB6177 /* LaunchScreen.storyboard in Resources */,
				5734756921DA90C800FB6177 /* Assets.xcassets in Resources */,
				5734756721DA90C700FB6177 /* Main.storyboard in Resources */,
			);
			runOnlyForDeploymentPostprocessing = 0;
		};
		F16DBE5423AC061100FC537C /* Resources */ = {
			isa = PBXResourcesBuildPhase;
			buildActionMask = 2147483647;
			files = (
			);
			runOnlyForDeploymentPostprocessing = 0;
		};
/* End PBXResourcesBuildPhase section */

/* Begin PBXSourcesBuildPhase section */
		5734755A21DA90C700FB6177 /* Sources */ = {
			isa = PBXSourcesBuildPhase;
			buildActionMask = 2147483647;
			files = (
				F19155F123ABCE2600DDCFFA /* AppError.swift in Sources */,
				F19155FF23ABF93E00DDCFFA /* FavoritedElementsViewController.swift in Sources */,
				5734756421DA90C700FB6177 /* ViewController.swift in Sources */,
				F19155EF23ABCDED00DDCFFA /* NetworkHelper.swift in Sources */,
				F19155FB23ABD3B900DDCFFA /* ElementCell.swift in Sources */,
				F19155F723ABD22B00DDCFFA /* ViewController+Extension.swift in Sources */,
				5734756221DA90C700FB6177 /* AppDelegate.swift in Sources */,
				F19155F523ABD06600DDCFFA /* ElementAPIClent.swift in Sources */,
				F19155FD23ABD95400DDCFFA /* DetailViewController.swift in Sources */,
				F19155F923ABD24E00DDCFFA /* UIImageView+Extensions.swift in Sources */,
				F19155F323ABCF2F00DDCFFA /* ElementsModel.swift in Sources */,
			);
			runOnlyForDeploymentPostprocessing = 0;
		};
		F16DBE5223AC061100FC537C /* Sources */ = {
			isa = PBXSourcesBuildPhase;
			buildActionMask = 2147483647;
			files = (
				F16DBE5923AC061100FC537C /* ElementsTests.swift in Sources */,
			);
			runOnlyForDeploymentPostprocessing = 0;
		};
/* End PBXSourcesBuildPhase section */

/* Begin PBXTargetDependency section */
		F16DBE5C23AC061100FC537C /* PBXTargetDependency */ = {
			isa = PBXTargetDependency;
			target = 5734755D21DA90C700FB6177 /* Elements */;
			targetProxy = F16DBE5B23AC061100FC537C /* PBXContainerItemProxy */;
		};
/* End PBXTargetDependency section */

/* Begin PBXVariantGroup section */
		5734756521DA90C700FB6177 /* Main.storyboard */ = {
			isa = PBXVariantGroup;
			children = (
				5734756621DA90C700FB6177 /* Base */,
			);
			name = Main.storyboard;
			sourceTree = "<group>";
		};
		5734756A21DA90C800FB6177 /* LaunchScreen.storyboard */ = {
			isa = PBXVariantGroup;
			children = (
				5734756B21DA90C800FB6177 /* Base */,
			);
			name = LaunchScreen.storyboard;
			sourceTree = "<group>";
		};
/* End PBXVariantGroup section */

/* Begin XCBuildConfiguration section */
		5734756E21DA90C800FB6177 /* Debug */ = {
			isa = XCBuildConfiguration;
			buildSettings = {
				ALWAYS_SEARCH_USER_PATHS = NO;
				CLANG_ANALYZER_NONNULL = YES;
				CLANG_ANALYZER_NUMBER_OBJECT_CONVERSION = YES_AGGRESSIVE;
				CLANG_CXX_LANGUAGE_STANDARD = "gnu++14";
				CLANG_CXX_LIBRARY = "libc++";
				CLANG_ENABLE_MODULES = YES;
				CLANG_ENABLE_OBJC_ARC = YES;
				CLANG_ENABLE_OBJC_WEAK = YES;
				CLANG_WARN_BLOCK_CAPTURE_AUTORELEASING = YES;
				CLANG_WARN_BOOL_CONVERSION = YES;
				CLANG_WARN_COMMA = YES;
				CLANG_WARN_CONSTANT_CONVERSION = YES;
				CLANG_WARN_DEPRECATED_OBJC_IMPLEMENTATIONS = YES;
				CLANG_WARN_DIRECT_OBJC_ISA_USAGE = YES_ERROR;
				CLANG_WARN_DOCUMENTATION_COMMENTS = YES;
				CLANG_WARN_EMPTY_BODY = YES;
				CLANG_WARN_ENUM_CONVERSION = YES;
				CLANG_WARN_INFINITE_RECURSION = YES;
				CLANG_WARN_INT_CONVERSION = YES;
				CLANG_WARN_NON_LITERAL_NULL_CONVERSION = YES;
				CLANG_WARN_OBJC_IMPLICIT_RETAIN_SELF = YES;
				CLANG_WARN_OBJC_LITERAL_CONVERSION = YES;
				CLANG_WARN_OBJC_ROOT_CLASS = YES_ERROR;
				CLANG_WARN_RANGE_LOOP_ANALYSIS = YES;
				CLANG_WARN_STRICT_PROTOTYPES = YES;
				CLANG_WARN_SUSPICIOUS_MOVE = YES;
				CLANG_WARN_UNGUARDED_AVAILABILITY = YES_AGGRESSIVE;
				CLANG_WARN_UNREACHABLE_CODE = YES;
				CLANG_WARN__DUPLICATE_METHOD_MATCH = YES;
				CODE_SIGN_IDENTITY = "iPhone Developer";
				COPY_PHASE_STRIP = NO;
				DEBUG_INFORMATION_FORMAT = dwarf;
				ENABLE_STRICT_OBJC_MSGSEND = YES;
				ENABLE_TESTABILITY = YES;
				GCC_C_LANGUAGE_STANDARD = gnu11;
				GCC_DYNAMIC_NO_PIC = NO;
				GCC_NO_COMMON_BLOCKS = YES;
				GCC_OPTIMIZATION_LEVEL = 0;
				GCC_PREPROCESSOR_DEFINITIONS = (
					"DEBUG=1",
					"$(inherited)",
				);
				GCC_WARN_64_TO_32_BIT_CONVERSION = YES;
				GCC_WARN_ABOUT_RETURN_TYPE = YES_ERROR;
				GCC_WARN_UNDECLARED_SELECTOR = YES;
				GCC_WARN_UNINITIALIZED_AUTOS = YES_AGGRESSIVE;
				GCC_WARN_UNUSED_FUNCTION = YES;
				GCC_WARN_UNUSED_VARIABLE = YES;
				IPHONEOS_DEPLOYMENT_TARGET = 13.2;
				MTL_ENABLE_DEBUG_INFO = INCLUDE_SOURCE;
				MTL_FAST_MATH = YES;
				ONLY_ACTIVE_ARCH = YES;
				SDKROOT = iphoneos;
				SWIFT_ACTIVE_COMPILATION_CONDITIONS = DEBUG;
				SWIFT_OPTIMIZATION_LEVEL = "-Onone";
			};
			name = Debug;
		};
		5734756F21DA90C800FB6177 /* Release */ = {
			isa = XCBuildConfiguration;
			buildSettings = {
				ALWAYS_SEARCH_USER_PATHS = NO;
				CLANG_ANALYZER_NONNULL = YES;
				CLANG_ANALYZER_NUMBER_OBJECT_CONVERSION = YES_AGGRESSIVE;
				CLANG_CXX_LANGUAGE_STANDARD = "gnu++14";
				CLANG_CXX_LIBRARY = "libc++";
				CLANG_ENABLE_MODULES = YES;
				CLANG_ENABLE_OBJC_ARC = YES;
				CLANG_ENABLE_OBJC_WEAK = YES;
				CLANG_WARN_BLOCK_CAPTURE_AUTORELEASING = YES;
				CLANG_WARN_BOOL_CONVERSION = YES;
				CLANG_WARN_COMMA = YES;
				CLANG_WARN_CONSTANT_CONVERSION = YES;
				CLANG_WARN_DEPRECATED_OBJC_IMPLEMENTATIONS = YES;
				CLANG_WARN_DIRECT_OBJC_ISA_USAGE = YES_ERROR;
				CLANG_WARN_DOCUMENTATION_COMMENTS = YES;
				CLANG_WARN_EMPTY_BODY = YES;
				CLANG_WARN_ENUM_CONVERSION = YES;
				CLANG_WARN_INFINITE_RECURSION = YES;
				CLANG_WARN_INT_CONVERSION = YES;
				CLANG_WARN_NON_LITERAL_NULL_CONVERSION = YES;
				CLANG_WARN_OBJC_IMPLICIT_RETAIN_SELF = YES;
				CLANG_WARN_OBJC_LITERAL_CONVERSION = YES;
				CLANG_WARN_OBJC_ROOT_CLASS = YES_ERROR;
				CLANG_WARN_RANGE_LOOP_ANALYSIS = YES;
				CLANG_WARN_STRICT_PROTOTYPES = YES;
				CLANG_WARN_SUSPICIOUS_MOVE = YES;
				CLANG_WARN_UNGUARDED_AVAILABILITY = YES_AGGRESSIVE;
				CLANG_WARN_UNREACHABLE_CODE = YES;
				CLANG_WARN__DUPLICATE_METHOD_MATCH = YES;
				CODE_SIGN_IDENTITY = "iPhone Developer";
				COPY_PHASE_STRIP = NO;
				DEBUG_INFORMATION_FORMAT = "dwarf-with-dsym";
				ENABLE_NS_ASSERTIONS = NO;
				ENABLE_STRICT_OBJC_MSGSEND = YES;
				GCC_C_LANGUAGE_STANDARD = gnu11;
				GCC_NO_COMMON_BLOCKS = YES;
				GCC_WARN_64_TO_32_BIT_CONVERSION = YES;
				GCC_WARN_ABOUT_RETURN_TYPE = YES_ERROR;
				GCC_WARN_UNDECLARED_SELECTOR = YES;
				GCC_WARN_UNINITIALIZED_AUTOS = YES_AGGRESSIVE;
				GCC_WARN_UNUSED_FUNCTION = YES;
				GCC_WARN_UNUSED_VARIABLE = YES;
				IPHONEOS_DEPLOYMENT_TARGET = 13.2;
				MTL_ENABLE_DEBUG_INFO = NO;
				MTL_FAST_MATH = YES;
				SDKROOT = iphoneos;
				SWIFT_COMPILATION_MODE = wholemodule;
				SWIFT_OPTIMIZATION_LEVEL = "-O";
				VALIDATE_PRODUCT = YES;
			};
			name = Release;
		};
		5734757121DA90C800FB6177 /* Debug */ = {
			isa = XCBuildConfiguration;
			buildSettings = {
				ASSETCATALOG_COMPILER_APPICON_NAME = AppIcon;
				CODE_SIGN_STYLE = Automatic;
				DEVELOPMENT_TEAM = "";
				INFOPLIST_FILE = Elements/Info.plist;
				IPHONEOS_DEPLOYMENT_TARGET = 13.2;
				LD_RUNPATH_SEARCH_PATHS = (
					"$(inherited)",
					"@executable_path/Frameworks",
				);
				PRODUCT_BUNDLE_IDENTIFIER = org.pursuit.Elements;
				PRODUCT_NAME = "$(TARGET_NAME)";
				SWIFT_VERSION = 5.0;
				TARGETED_DEVICE_FAMILY = "1,2";
			};
			name = Debug;
		};
		5734757221DA90C800FB6177 /* Release */ = {
			isa = XCBuildConfiguration;
			buildSettings = {
				ASSETCATALOG_COMPILER_APPICON_NAME = AppIcon;
				CODE_SIGN_STYLE = Automatic;
				DEVELOPMENT_TEAM = "";
				INFOPLIST_FILE = Elements/Info.plist;
				IPHONEOS_DEPLOYMENT_TARGET = 13.2;
				LD_RUNPATH_SEARCH_PATHS = (
					"$(inherited)",
					"@executable_path/Frameworks",
				);
				PRODUCT_BUNDLE_IDENTIFIER = org.pursuit.Elements;
				PRODUCT_NAME = "$(TARGET_NAME)";
				SWIFT_VERSION = 5.0;
				TARGETED_DEVICE_FAMILY = "1,2";
			};
			name = Release;
		};
		F16DBE5E23AC061100FC537C /* Debug */ = {
			isa = XCBuildConfiguration;
			buildSettings = {
				BUNDLE_LOADER = "$(TEST_HOST)";
				CODE_SIGN_STYLE = Automatic;
				DEVELOPMENT_TEAM = QZLWJATC87;
				INFOPLIST_FILE = ElementsTests/Info.plist;
				LD_RUNPATH_SEARCH_PATHS = (
					"$(inherited)",
					"@executable_path/Frameworks",
					"@loader_path/Frameworks",
				);
				PRODUCT_BUNDLE_IDENTIFIER = com.BienbenidoAngeles.ElementsTests;
				PRODUCT_NAME = "$(TARGET_NAME)";
				SWIFT_VERSION = 5.0;
				TARGETED_DEVICE_FAMILY = "1,2";
				TEST_HOST = "$(BUILT_PRODUCTS_DIR)/Elements.app/Elements";
			};
			name = Debug;
		};
		F16DBE5F23AC061100FC537C /* Release */ = {
			isa = XCBuildConfiguration;
			buildSettings = {
				BUNDLE_LOADER = "$(TEST_HOST)";
				CODE_SIGN_STYLE = Automatic;
				DEVELOPMENT_TEAM = QZLWJATC87;
				INFOPLIST_FILE = ElementsTests/Info.plist;
				LD_RUNPATH_SEARCH_PATHS = (
					"$(inherited)",
					"@executable_path/Frameworks",
					"@loader_path/Frameworks",
				);
				PRODUCT_BUNDLE_IDENTIFIER = com.BienbenidoAngeles.ElementsTests;
				PRODUCT_NAME = "$(TARGET_NAME)";
				SWIFT_VERSION = 5.0;
				TARGETED_DEVICE_FAMILY = "1,2";
				TEST_HOST = "$(BUILT_PRODUCTS_DIR)/Elements.app/Elements";
			};
			name = Release;
		};
/* End XCBuildConfiguration section */

/* Begin XCConfigurationList section */
		5734755921DA90C700FB6177 /* Build configuration list for PBXProject "Elements" */ = {
			isa = XCConfigurationList;
			buildConfigurations = (
				5734756E21DA90C800FB6177 /* Debug */,
				5734756F21DA90C800FB6177 /* Release */,
			);
			defaultConfigurationIsVisible = 0;
			defaultConfigurationName = Release;
		};
		5734757021DA90C800FB6177 /* Build configuration list for PBXNativeTarget "Elements" */ = {
			isa = XCConfigurationList;
			buildConfigurations = (
				5734757121DA90C800FB6177 /* Debug */,
				5734757221DA90C800FB6177 /* Release */,
			);
			defaultConfigurationIsVisible = 0;
			defaultConfigurationName = Release;
		};
		F16DBE5D23AC061100FC537C /* Build configuration list for PBXNativeTarget "ElementsTests" */ = {
			isa = XCConfigurationList;
			buildConfigurations = (
				F16DBE5E23AC061100FC537C /* Debug */,
				F16DBE5F23AC061100FC537C /* Release */,
			);
			defaultConfigurationIsVisible = 0;
			defaultConfigurationName = Release;
		};
/* End XCConfigurationList section */
	};
	rootObject = 5734755621DA90C700FB6177 /* Project object */;
}
